Microsoft Visual Studio Solution File, Format Version 12.00
# Visual Studio Version 17
VisualStudioVersion = 17.5.2.0
MinimumVisualStudioVersion = 10.0.40219.1
Project("{FAE04EC0-301F-11D3-BF4B-00C04F79EFBC}") = "Portal academico", "Portal academico.csproj", "{9167EA57-64A6-947B-FE41-E7FE3E52803E}"
EndProject
Project("{2150E333-8FDC-42A3-9474-1A3956D46DE8}") = "PortalAcademico", "PortalAcademico", "{2EC0BEFF-037F-09E8-22CE-12B22622B137}"
EndProject
Project("{FAE04EC0-301F-11D3-BF4B-00C04F79EFBC}") = "PortalAcademico.Web", "PortalAcademico\PortalAcademico.Web.csproj", "{18D4D108-EC3C-B5A6-A3B9-3F96A9B8EEAE}"
EndProject
Global
	GlobalSection(SolutionConfigurationPlatforms) = preSolution
		Debug|Any CPU = Debug|Any CPU
		Release|Any CPU = Release|Any CPU
	EndGlobalSection
	GlobalSection(ProjectConfigurationPlatforms) = postSolution
		{9167EA57-64A6-947B-FE41-E7FE3E52803E}.Debug|Any CPU.ActiveCfg = Debug|Any CPU
		{9167EA57-64A6-947B-FE41-E7FE3E52803E}.Debug|Any CPU.Build.0 = Debug|Any CPU
		{9167EA57-64A6-947B-FE41-E7FE3E52803E}.Release|Any CPU.ActiveCfg = Release|Any CPU
		{9167EA57-64A6-947B-FE41-E7FE3E52803E}.Release|Any CPU.Build.0 = Release|Any CPU
		{18D4D108-EC3C-B5A6-A3B9-3F96A9B8EEAE}.Debug|Any CPU.ActiveCfg = Debug|Any CPU
		{18D4D108-EC3C-B5A6-A3B9-3F96A9B8EEAE}.Debug|Any CPU.Build.0 = Debug|Any CPU
		{18D4D108-EC3C-B5A6-A3B9-3F96A9B8EEAE}.Release|Any CPU.ActiveCfg = Release|Any CPU
		{18D4D108-EC3C-B5A6-A3B9-3F96A9B8EEAE}.Release|Any CPU.Build.0 = Release|Any CPU
	EndGlobalSection
	GlobalSection(SolutionProperties) = preSolution
		HideSolutionNode = FALSE
	EndGlobalSection
	GlobalSection(NestedProjects) = preSolution
		{18D4D108-EC3C-B5A6-A3B9-3F96A9B8EEAE} = {2EC0BEFF-037F-09E8-22CE-12B22622B137}
	EndGlobalSection
	GlobalSection(ExtensibilityGlobals) = postSolution
		SolutionGuid = {CD89A3FF-888A-4469-A020-767E4FD7F92E}
	EndGlobalSection
EndGlobal
